Microsoft Visual Studio Solution File, Format Version 12.00
# Visual Studio Version 16
VisualStudioVersion = 16.0.0.0
MinimumVisualStudioVersion = 16.0.0.0
Project("{9A19103F-16F7-4668-BE54-9A1E7A4F7556}") = "WEB_053502_YUREV.Blazor.Server", "Server\WEB_053502_YUREV.Blazor.Server.csproj", "{97984001-2343-46CC-BAA5-9E9B4C6FEF62}"
EndProject
Project("{9A19103F-16F7-4668-BE54-9A1E7A4F7556}") = "WEB_053502_YUREV.Blazor.Client", "Client\WEB_053502_YUREV.Blazor.Client.csproj", "{8E4F6BD2-4CC6-4B32-8237-C84FCB297ADB}"
EndProject
Project("{9A19103F-16F7-4668-BE54-9A1E7A4F7556}") = "WEB_053502_YUREV.Blazor.Shared", "Shared\WEB_053502_YUREV.Blazor.Shared.csproj", "{3CC5357A-7560-421A-8185-70B7BBE7D1DF}"
EndProject
Global
	GlobalSection(SolutionConfigurationPlatforms) = preSolution
		Debug|Any CPU = Debug|Any CPU
		Debug|x64 = Debug|x64
		Debug|x86 = Debug|x86
		Release|Any CPU = Release|Any CPU
		Release|x64 = Release|x64
		Release|x86 = Release|x86
	EndGlobalSection
	GlobalSection(ProjectConfigurationPlatforms) = postSolution
		{8E4F6BD2-4CC6-4B32-8237-C84FCB297ADB}.Debug|Any CPU.ActiveCfg = Debug|Any CPU
		{8E4F6BD2-4CC6-4B32-8237-C84FCB297ADB}.Debug|Any CPU.Build.0 = Debug|Any CPU
		{8E4F6BD2-4CC6-4B32-8237-C84FCB297ADB}.Debug|x64.ActiveCfg = Debug|Any CPU
		{8E4F6BD2-4CC6-4B32-8237-C84FCB297ADB}.Debug|x64.Build.0 = Debug|Any CPU
		{8E4F6BD2-4CC6-4B32-8237-C84FCB297ADB}.Debug|x86.ActiveCfg = Debug|Any CPU
		{8E4F6BD2-4CC6-4B32-8237-C84FCB297ADB}.Debug|x86.Build.0 = Debug|Any CPU
		{8E4F6BD2-4CC6-4B32-8237-C84FCB297ADB}.Release|Any CPU.ActiveCfg = Release|Any CPU
		{8E4F6BD2-4CC6-4B32-8237-C84FCB297ADB}.Release|Any CPU.Build.0 = Release|Any CPU
		{8E4F6BD2-4CC6-4B32-8237-C84FCB297ADB}.Release|x64.ActiveCfg = Release|Any CPU
		{8E4F6BD2-4CC6-4B32-8237-C84FCB297ADB}.Release|x64.Build.0 = Release|Any CPU
		{8E4F6BD2-4CC6-4B32-8237-C84FCB297ADB}.Release|x86.ActiveCfg = Release|Any CPU
		{8E4F6BD2-4CC6-4B32-8237-C84FCB297ADB}.Release|x86.Build.0 = Release|Any CPU
		{97984001-2343-46CC-BAA5-9E9B4C6FEF62}.Debug|Any CPU.ActiveCfg = Debug|Any CPU
		{97984001-2343-46CC-BAA5-9E9B4C6FEF62}.Debug|Any CPU.Build.0 = Debug|Any CPU
		{97984001-2343-46CC-BAA5-9E9B4C6FEF62}.Debug|x64.ActiveCfg = Debug|Any CPU
		{97984001-2343-46CC-BAA5-9E9B4C6FEF62}.Debug|x64.Build.0 = Debug|Any CPU
		{97984001-2343-46CC-BAA5-9E9B4C6FEF62}.Debug|x86.ActiveCfg = Debug|Any CPU
		{97984001-2343-46CC-BAA5-9E9B4C6FEF62}.Debug|x86.Build.0 = Debug|Any CPU
		{97984001-2343-46CC-BAA5-9E9B4C6FEF62}.Release|Any CPU.ActiveCfg = Release|Any CPU
		{97984001-2343-46CC-BAA5-9E9B4C6FEF62}.Release|Any CPU.Build.0 = Release|Any CPU
		{97984001-2343-46CC-BAA5-9E9B4C6FEF62}.Release|x64.ActiveCfg = Release|Any CPU
		{97984001-2343-46CC-BAA5-9E9B4C6FEF62}.Release|x64.Build.0 = Release|Any CPU
		{97984001-2343-46CC-BAA5-9E9B4C6FEF62}.Release|x86.ActiveCfg = Release|Any CPU
		{97984001-2343-46CC-BAA5-9E9B4C6FEF62}.Release|x86.Build.0 = Release|Any CPU
		{3CC5357A-7560-421A-8185-70B7BBE7D1DF}.Debug|Any CPU.ActiveCfg = Debug|Any CPU
		{3CC5357A-7560-421A-8185-70B7BBE7D1DF}.Debug|Any CPU.Build.0 = Debug|Any CPU
		{3CC5357A-7560-421A-8185-70B7BBE7D1DF}.Debug|x64.ActiveCfg = Debug|Any CPU
		{3CC5357A-7560-421A-8185-70B7BBE7D1DF}.Debug|x64.Build.0 = Debug|Any CPU
		{3CC5357A-7560-421A-8185-70B7BBE7D1DF}.Debug|x86.ActiveCfg = Debug|Any CPU
		{3CC5357A-7560-421A-8185-70B7BBE7D1DF}.Debug|x86.Build.0 = Debug|Any CPU
		{3CC5357A-7560-421A-8185-70B7BBE7D1DF}.Release|Any CPU.ActiveCfg = Release|Any CPU
		{3CC5357A-7560-421A-8185-70B7BBE7D1DF}.Release|Any CPU.Build.0 = Release|Any CPU
		{3CC5357A-7560-421A-8185-70B7BBE7D1DF}.Release|x64.ActiveCfg = Release|Any CPU
		{3CC5357A-7560-421A-8185-70B7BBE7D1DF}.Release|x64.Build.0 = Release|Any CPU
		{3CC5357A-7560-421A-8185-70B7BBE7D1DF}.Release|x86.ActiveCfg = Release|Any CPU
		{3CC5357A-7560-421A-8185-70B7BBE7D1DF}.Release|x86.Build.0 = Release|Any CPU
	EndGlobalSection
	GlobalSection(SolutionProperties) = preSolution
		HideSolutionNode = FALSE
	EndGlobalSection
	GlobalSection(ExtensibilityGlobals) = postSolution
		SolutionGuid = {98E69588-35AE-45AB-8FA5-9694A07C0AB2}
	EndGlobalSection
EndGlobal